
Microsoft Visual Studio Solution File, Format Version 12.00
# Visual Studio Version 17
VisualStudioVersion = 17.5.002.0
MinimumVisualStudioVersion = 10.0.40219.1
Project("{9A19103F-16F7-4668-BE54-9A1E7A4F7556}") = "wepApi", "wepApi\wepApi.csproj", "{EA8DCF88-332C-4AF3-B3C3-275EB1C424CD}"
EndProject
Global
	GlobalSection(SolutionConfigurationPlatforms) = preSolution
		Debug|Any CPU = Debug|Any CPU
		Release|Any CPU = Release|Any CPU
	EndGlobalSection
	GlobalSection(ProjectConfigurationPlatforms) = postSolution
		{EA8DCF88-332C-4AF3-B3C3-275EB1C424CD}.Debug|Any CPU.ActiveCfg = Debug|Any CPU
		{EA8DCF88-332C-4AF3-B3C3-275EB1C424CD}.Debug|Any CPU.Build.0 = Debug|Any CPU
		{EA8DCF88-332C-4AF3-B3C3-275EB1C424CD}.Release|Any CPU.ActiveCfg = Release|Any CPU
		{EA8DCF88-332C-4AF3-B3C3-275EB1C424CD}.Release|Any CPU.Build.0 = Release|Any CPU
	EndGlobalSection
	GlobalSection(SolutionProperties) = preSolution
		HideSolutionNode = FALSE
	EndGlobalSection
	GlobalSection(ExtensibilityGlobals) = postSolution
		SolutionGuid = {2BC03AA7-EE7D-448F-89A6-B1D852F8BAD6}
	EndGlobalSection
EndGlobal
